// !$*UTF8*$!
{
	archiveVersion = 1;
	classes = {
	};
	objectVersion = 46;
	objects = {

/* Begin PBXBuildFile section */
		61B38A891CF4D53900D97EFF /* main.cpp in Sources */ = {isa = PBXBuildFile; fileRef = 61B38A881CF4D53900D97EFF /* main.cpp */; };
		61B38A911CF4D62A00D97EFF /* MultiplicationGame.cpp in Sources */ = {isa = PBXBuildFile; fileRef = 61B38A8F1CF4D62A00D97EFF /* MultiplicationGame.cpp */; };
		61B38A941CF4DEF000D97EFF /* MQuestion.cpp in Sources */ = {isa = PBXBuildFile; fileRef = 61B38A921CF4DEF000D97EFF /* MQuestion.cpp */; };
/* End PBXBuildFile section */

/* Begin PBXCopyFilesBuildPhase section */
		61B38A831CF4D53900D97EFF /* CopyFiles */ = {
			isa = PBXCopyFilesBuildPhase;
			buildActionMask = 2147483647;
			dstPath = /usr/share/man/man1/;
			dstSubfolderSpec = 0;
			files = (
			);
			runOnlyForDeploymentPostprocessing = 1;
		};
/* End PBXCopyFilesBuildPhase section */

/* Begin PBXFileReference section */
		61B38A851CF4D53900D97EFF /* MultiplicationTables */ = {isa = PBXFileReference; explicitFileType = "compiled.mach-o.executable"; includeInIndex = 0; path = MultiplicationTables; sourceTree = BUILT_PRODUCTS_DIR; };
		61B38A881CF4D53900D97EFF /* main.cpp */ = {isa = PBXFileReference; lastKnownFileType = sourcecode.cpp.cpp; path = main.cpp; sourceTree = "<group>"; };
		61B38A8F1CF4D62A00D97EFF /* MultiplicationGame.cpp */ = {isa = PBXFileReference; fileEncoding = 4; lastKnownFileType = sourcecode.cpp.cpp; path = MultiplicationGame.cpp; sourceTree = "<group>"; };
		61B38A901CF4D62A00D97EFF /* MultiplicationGame.hpp */ = {isa = PBXFileReference; fileEncoding = 4; lastKnownFileType = sourcecode.cpp.h; path = MultiplicationGame.hpp; sourceTree = "<group>"; };
		61B38A921CF4DEF000D97EFF /* MQuestion.cpp */ = {isa = PBXFileReference; fileEncoding = 4; lastKnownFileType = sourcecode.cpp.cpp; path = MQuestion.cpp; sourceTree = "<group>"; };
		61B38A931CF4DEF000D97EFF /* MQuestion.hpp */ = {isa = PBXFileReference; fileEncoding = 4; lastKnownFileType = sourcecode.cpp.h; path = MQuestion.hpp; sourceTree = "<group>"; };
/* End PBXFileReference section */

/* Begin PBXFrameworksBuildPhase section */
		61B38A821CF4D53900D97EFF /* Frameworks */ = {
			isa = PBXFrameworksBuildPhase;
			buildActionMask = 2147483647;
			files = (
			);
			runOnlyForDeploymentPostprocessing = 0;
		};
/* End PBXFrameworksBuildPhase section */

/* Begin PBXGroup section */
		61B38A7C1CF4D53900D97EFF = {
			isa = PBXGroup;
			children = (
				61B38A871CF4D53900D97EFF /* MultiplicationTables */,
				61B38A861CF4D53900D97EFF /* Products */,
			);
			sourceTree = "<group>";
		};
		61B38A861CF4D53900D97EFF /* Products */ = {
			isa = PBXGroup;
			children = (
				61B38A851CF4D53900D97EFF /* MultiplicationTables */,
			);
			name = Products;
			sourceTree = "<group>";
		};
		61B38A871CF4D53900D97EFF /* MultiplicationTables */ = {
			isa = PBXGroup;
			children = (
				61B38A881CF4D53900D97EFF /* main.cpp */,
				61B38A8F1CF4D62A00D97EFF /* MultiplicationGame.cpp */,
				61B38A901CF4D62A00D97EFF /* MultiplicationGame.hpp */,
				61B38A921CF4DEF000D97EFF /* MQuestion.cpp */,
				61B38A931CF4DEF000D97EFF /* MQuestion.hpp */,
			);
			path = MultiplicationTables;
			sourceTree = "<group>";
		};
/* End PBXGroup section */

/* Begin PBXNativeTarget section */
		61B38A841CF4D53900D97EFF /* MultiplicationTables */ = {
			isa = PBXNativeTarget;
			buildConfigurationList = 61B38A8C1CF4D53900D97EFF /* Build configuration list for PBXNativeTarget "MultiplicationTables" */;
			buildPhases = (
				61B38A811CF4D53900D97EFF /* Sources */,
				61B38A821CF4D53900D97EFF /* Frameworks */,
				61B38A831CF4D53900D97EFF /* CopyFiles */,
			);
			buildRules = (
			);
			dependencies = (
			);
			name = MultiplicationTables;
			productName = MultiplicationTables;
			productReference = 61B38A851CF4D53900D97EFF /* MultiplicationTables */;
			productType = "com.apple.product-type.tool";
		};
/* End PBXNativeTarget section */

/* Begin PBXProject section */
		61B38A7D1CF4D53900D97EFF /* Project object */ = {
			isa = PBXProject;
			attributes = {
				LastUpgradeCheck = 0730;
				ORGANIZATIONNAME = "Anthony Good";
				TargetAttributes = {
					61B38A841CF4D53900D97EFF = {
						CreatedOnToolsVersion = 7.3;
					};
				};
			};
			buildConfigurationList = 61B38A801CF4D53900D97EFF /* Build configuration list for PBXProject "MultiplicationTables" */;
			compatibilityVersion = "Xcode 3.2";
			developmentRegion = English;
			hasScannedForEncodings = 0;
			knownRegions = (
				en,
			);
			mainGroup = 61B38A7C1CF4D53900D97EFF;
			productRefGroup = 61B38A861CF4D53900D97EFF /* Products */;
			projectDirPath = "";
			projectRoot = "";
			targets = (
				61B38A841CF4D53900D97EFF /* MultiplicationTables */,
			);
		};
/* End PBXProject section */

/* Begin PBXSourcesBuildPhase section */
		61B38A811CF4D53900D97EFF /* Sources */ = {
			isa = PBXSourcesBuildPhase;
			buildActionMask = 2147483647;
			files = (
				61B38A891CF4D53900D97EFF /* main.cpp in Sources */,
				61B38A941CF4DEF000D97EFF /* MQuestion.cpp in Sources */,
				61B38A911CF4D62A00D97EFF /* MultiplicationGame.cpp in Sources */,
			);
			runOnlyForDeploymentPostprocessing = 0;
		};
/* End PBXSourcesBuildPhase section */

/* Begin XCBuildConfiguration section */
		61B38A8A1CF4D53900D97EFF /* Debug */ = {
			isa = XCBuildConfiguration;
			buildSettings = {
				ALWAYS_SEARCH_USER_PATHS = NO;
				CLANG_ANALYZER_NONNULL = YES;
				CLANG_CXX_LANGUAGE_STANDARD = "gnu++0x";
				CLANG_CXX_LIBRARY = "libc++";
				CLANG_ENABLE_MODULES = YES;
				CLANG_ENABLE_OBJC_ARC = YES;
				CLANG_WARN_BOOL_CONVERSION = YES;
				CLANG_WARN_CONSTANT_CONVERSION = YES;
				CLANG_WARN_DIRECT_OBJC_ISA_USAGE = YES_ERROR;
				CLANG_WARN_EMPTY_BODY = YES;
				CLANG_WARN_ENUM_CONVERSION = YES;
				CLANG_WARN_INT_CONVERSION = YES;
				CLANG_WARN_OBJC_ROOT_CLASS = YES_ERROR;
				CLANG_WARN_UNREACHABLE_CODE = YES;
				CLANG_WARN__DUPLICATE_METHOD_MATCH = YES;
				CODE_SIGN_IDENTITY = "-";
				COPY_PHASE_STRIP = NO;
				DEBUG_INFORMATION_FORMAT = dwarf;
				ENABLE_STRICT_OBJC_MSGSEND = YES;
				ENABLE_TESTABILITY = YES;
				GCC_C_LANGUAGE_STANDARD = gnu99;
				GCC_DYNAMIC_NO_PIC = NO;
				GCC_NO_COMMON_BLOCKS = YES;
				GCC_OPTIMIZATION_LEVEL = 0;
				GCC_PREPROCESSOR_DEFINITIONS = (
					"DEBUG=1",
					"$(inherited)",
				);
				GCC_WARN_64_TO_32_BIT_CONVERSION = YES;
				GCC_WARN_ABOUT_RETURN_TYPE = YES_ERROR;
				GCC_WARN_UNDECLARED_SELECTOR = YES;
				GCC_WARN_UNINITIALIZED_AUTOS = YES_AGGRESSIVE;
				GCC_WARN_UNUSED_FUNCTION = YES;
				GCC_WARN_UNUSED_VARIABLE = YES;
				MACOSX_DEPLOYMENT_TARGET = 10.11;
				MTL_ENABLE_DEBUG_INFO = YES;
				ONLY_ACTIVE_ARCH = YES;
				SDKROOT = macosx;
			};
			name = Debug;
		};
		61B38A8B1CF4D53900D97EFF /* Release */ = {
			isa = XCBuildConfiguration;
			buildSettings = {
				ALWAYS_SEARCH_USER_PATHS = NO;
				CLANG_ANALYZER_NONNULL = YES;
				CLANG_CXX_LANGUAGE_STANDARD = "gnu++0x";
				CLANG_CXX_LIBRARY = "libc++";
				CLANG_ENABLE_MODULES = YES;
				CLANG_ENABLE_OBJC_ARC = YES;
				CLANG_WARN_BOOL_CONVERSION = YES;
				CLANG_WARN_CONSTANT_CONVERSION = YES;
				CLANG_WARN_DIRECT_OBJC_ISA_USAGE = YES_ERROR;
				CLANG_WARN_EMPTY_BODY = YES;
				CLANG_WARN_ENUM_CONVERSION = YES;
				CLANG_WARN_INT_CONVERSION = YES;
				CLANG_WARN_OBJC_ROOT_CLASS = YES_ERROR;
				CLANG_WARN_UNREACHABLE_CODE = YES;
				CLANG_WARN__DUPLICATE_METHOD_MATCH = YES;
				CODE_SIGN_IDENTITY = "-";
				COPY_PHASE_STRIP = NO;
				DEBUG_INFORMATION_FORMAT = "dwarf-with-dsym";
				ENABLE_NS_ASSERTIONS = NO;
				ENABLE_STRICT_OBJC_MSGSEND = YES;
				GCC_C_LANGUAGE_STANDARD = gnu99;
				GCC_NO_COMMON_BLOCKS = YES;
				GCC_WARN_64_TO_32_BIT_CONVERSION = YES;
				GCC_WARN_ABOUT_RETURN_TYPE = YES_ERROR;
				GCC_WARN_UNDECLARED_SELECTOR = YES;
				GCC_WARN_UNINITIALIZED_AUTOS = YES_AGGRESSIVE;
				GCC_WARN_UNUSED_FUNCTION = YES;
				GCC_WARN_UNUSED_VARIABLE = YES;
				MACOSX_DEPLOYMENT_TARGET = 10.11;
				MTL_ENABLE_DEBUG_INFO = NO;
				SDKROOT = macosx;
			};
			name = Release;
		};
		61B38A8D1CF4D53900D97EFF /* Debug */ = {
			isa = XCBuildConfiguration;
			buildSettings = {
				PRODUCT_NAME = "$(TARGET_NAME)";
			};
			name = Debug;
		};
		61B38A8E1CF4D53900D97EFF /* Release */ = {
			isa = XCBuildConfiguration;
			buildSettings = {
				PRODUCT_NAME = "$(TARGET_NAME)";
			};
			name = Release;
		};
/* End XCBuildConfiguration section */

/* Begin XCConfigurationList section */
		61B38A801CF4D53900D97EFF /* Build configuration list for PBXProject "MultiplicationTables" */ = {
			isa = XCConfigurationList;
			buildConfigurations = (
				61B38A8A1CF4D53900D97EFF /* Debug */,
				61B38A8B1CF4D53900D97EFF /* Release */,
			);
			defaultConfigurationIsVisible = 0;
			defaultConfigurationName = Release;
		};
		61B38A8C1CF4D53900D97EFF /* Build configuration list for PBXNativeTarget "MultiplicationTables" */ = {
			isa = XCConfigurationList;
			buildConfigurations = (
				61B38A8D1CF4D53900D97EFF /* Debug */,
				61B38A8E1CF4D53900D97EFF /* Release */,
			);
			defaultConfigurationIsVisible = 0;
			defaultConfigurationName = Release;
		};
/* End XCConfigurationList section */
	};
	rootObject = 61B38A7D1CF4D53900D97EFF /* Project object */;
}
